
Microsoft Visual Studio Solution File, Format Version 12.00
# Visual Studio Version 17
VisualStudioVersion = 17.5.33502.453
MinimumVisualStudioVersion = 10.0.40219.1
Project("{FAE04EC0-301F-11D3-BF4B-00C04F79EFBC}") = "OrdersManager", "OrdersManager\OrdersManager.csproj", "{5C32C603-1F00-4309-8182-2BF0E4907717}"
EndProject
Global
	GlobalSection(SolutionConfigurationPlatforms) = preSolution
		Debug|Any CPU = Debug|Any CPU
		Release|Any CPU = Release|Any CPU
	EndGlobalSection
	GlobalSection(ProjectConfigurationPlatforms) = postSolution
		{5C32C603-1F00-4309-8182-2BF0E4907717}.Debug|Any CPU.ActiveCfg = Debug|Any CPU
		{5C32C603-1F00-4309-8182-2BF0E4907717}.Debug|Any CPU.Build.0 = Debug|Any CPU
		{5C32C603-1F00-4309-8182-2BF0E4907717}.Release|Any CPU.ActiveCfg = Release|Any CPU
		{5C32C603-1F00-4309-8182-2BF0E4907717}.Release|Any CPU.Build.0 = Release|Any CPU
	EndGlobalSection
	GlobalSection(SolutionProperties) = preSolution
		HideSolutionNode = FALSE
	EndGlobalSection
	GlobalSection(ExtensibilityGlobals) = postSolution
		SolutionGuid = {A0AFE4E9-4323-4241-BA62-9220970F1AB6}
	EndGlobalSection
EndGlobal
